
Microsoft Visual Studio Solution File, Format Version 12.00
# Visual Studio Version 17
VisualStudioVersion = 17.12.35521.163
MinimumVisualStudioVersion = 10.0.40219.1
Project("{FAE04EC0-301F-11D3-BF4B-00C04F79EFBC}") = "AdminPanel", "AdminPanel\AdminPanel.csproj", "{C31A0872-E1BE-46D5-8BD3-367859708174}"
EndProject
Project("{2150E333-8FDC-42A3-9474-1A3956D46DE8}") = "Resources", "Resources", "{32DA3CEA-D68C-4E76-BB88-E80AB33E0EC4}"
EndProject
Project("{2150E333-8FDC-42A3-9474-1A3956D46DE8}") = "Application", "Application", "{1D8CB265-587E-4E65-BD15-1B87907296C0}"
EndProject
Project("{2150E333-8FDC-42A3-9474-1A3956D46DE8}") = "WebEssentials", "WebEssentials", "{D4305486-20A7-4EDA-8088-5F2BB2127397}"
EndProject
Project("{2150E333-8FDC-42A3-9474-1A3956D46DE8}") = "Database", "Database", "{A1C618DC-DCFE-4D88-8B11-FA315ACB5A60}"
EndProject
Global
	GlobalSection(SolutionConfigurationPlatforms) = preSolution
		Debug|Any CPU = Debug|Any CPU
		Release|Any CPU = Release|Any CPU
	EndGlobalSection
	GlobalSection(ProjectConfigurationPlatforms) = postSolution
		{C31A0872-E1BE-46D5-8BD3-367859708174}.Debug|Any CPU.ActiveCfg = Debug|Any CPU
		{C31A0872-E1BE-46D5-8BD3-367859708174}.Debug|Any CPU.Build.0 = Debug|Any CPU
		{C31A0872-E1BE-46D5-8BD3-367859708174}.Release|Any CPU.ActiveCfg = Release|Any CPU
		{C31A0872-E1BE-46D5-8BD3-367859708174}.Release|Any CPU.Build.0 = Release|Any CPU
	EndGlobalSection
	GlobalSection(SolutionProperties) = preSolution
		HideSolutionNode = FALSE
	EndGlobalSection
EndGlobal
